
Microsoft Visual Studio Solution File, Format Version 12.00
# Visual Studio Version 17
VisualStudioVersion = 17.3.32819.101
MinimumVisualStudioVersion = 10.0.40219.1
Project("{FAE04EC0-301F-11D3-BF4B-00C04F79EFBC}") = "Exercicio_2608", "Exercicio_2608\Exercicio_2608.csproj", "{FBA33112-5157-4D7C-B33B-AD3F36D03244}"
EndProject
Global
	GlobalSection(SolutionConfigurationPlatforms) = preSolution
		Debug|Any CPU = Debug|Any CPU
		Release|Any CPU = Release|Any CPU
	EndGlobalSection
	GlobalSection(ProjectConfigurationPlatforms) = postSolution
		{FBA33112-5157-4D7C-B33B-AD3F36D03244}.Debug|Any CPU.ActiveCfg = Debug|Any CPU
		{FBA33112-5157-4D7C-B33B-AD3F36D03244}.Debug|Any CPU.Build.0 = Debug|Any CPU
		{FBA33112-5157-4D7C-B33B-AD3F36D03244}.Release|Any CPU.ActiveCfg = Release|Any CPU
		{FBA33112-5157-4D7C-B33B-AD3F36D03244}.Release|Any CPU.Build.0 = Release|Any CPU
	EndGlobalSection
	GlobalSection(SolutionProperties) = preSolution
		HideSolutionNode = FALSE
	EndGlobalSection
	GlobalSection(ExtensibilityGlobals) = postSolution
		SolutionGuid = {FEF2BFE7-31AC-45AA-AA90-A990225CF9E6}
	EndGlobalSection
EndGlobal
