
Microsoft Visual Studio Solution File, Format Version 12.00
# Visual Studio Version 17
VisualStudioVersion = 17.3.32819.101
MinimumVisualStudioVersion = 10.0.40219.1
Project("{FAE04EC0-301F-11D3-BF4B-00C04F79EFBC}") = "Decremento_ incremento", "Decremento_ incremento\Decremento_ incremento.csproj", "{4245BBFF-BE5E-42BA-A8B0-330641EDA28F}"
EndProject
Global
	GlobalSection(SolutionConfigurationPlatforms) = preSolution
		Debug|Any CPU = Debug|Any CPU
		Release|Any CPU = Release|Any CPU
	EndGlobalSection
	GlobalSection(ProjectConfigurationPlatforms) = postSolution
		{4245BBFF-BE5E-42BA-A8B0-330641EDA28F}.Debug|Any CPU.ActiveCfg = Debug|Any CPU
		{4245BBFF-BE5E-42BA-A8B0-330641EDA28F}.Debug|Any CPU.Build.0 = Debug|Any CPU
		{4245BBFF-BE5E-42BA-A8B0-330641EDA28F}.Release|Any CPU.ActiveCfg = Release|Any CPU
		{4245BBFF-BE5E-42BA-A8B0-330641EDA28F}.Release|Any CPU.Build.0 = Release|Any CPU
	EndGlobalSection
	GlobalSection(SolutionProperties) = preSolution
		HideSolutionNode = FALSE
	EndGlobalSection
	GlobalSection(ExtensibilityGlobals) = postSolution
		SolutionGuid = {CE61A0D1-5F97-48EB-9F25-68D76E59453A}
	EndGlobalSection
EndGlobal
