
Microsoft Visual Studio Solution File, Format Version 12.00
# Visual Studio Version 17
VisualStudioVersion = 17.3.32819.101
MinimumVisualStudioVersion = 10.0.40219.1
Project("{FAE04EC0-301F-11D3-BF4B-00C04F79EFBC}") = "Array_exercicios", "Array_exercicios\Array_exercicios.csproj", "{FA9A8DA1-0FA8-4249-A90C-CDAC5C3F5999}"
EndProject
Global
	GlobalSection(SolutionConfigurationPlatforms) = preSolution
		Debug|Any CPU = Debug|Any CPU
		Release|Any CPU = Release|Any CPU
	EndGlobalSection
	GlobalSection(ProjectConfigurationPlatforms) = postSolution
		{FA9A8DA1-0FA8-4249-A90C-CDAC5C3F5999}.Debug|Any CPU.ActiveCfg = Debug|Any CPU
		{FA9A8DA1-0FA8-4249-A90C-CDAC5C3F5999}.Debug|Any CPU.Build.0 = Debug|Any CPU
		{FA9A8DA1-0FA8-4249-A90C-CDAC5C3F5999}.Release|Any CPU.ActiveCfg = Release|Any CPU
		{FA9A8DA1-0FA8-4249-A90C-CDAC5C3F5999}.Release|Any CPU.Build.0 = Release|Any CPU
	EndGlobalSection
	GlobalSection(SolutionProperties) = preSolution
		HideSolutionNode = FALSE
	EndGlobalSection
	GlobalSection(ExtensibilityGlobals) = postSolution
		SolutionGuid = {8DC2B0D7-7E86-44DB-B7B0-A5FFD13A7DDD}
	EndGlobalSection
EndGlobal
